
Microsoft Visual Studio Solution File, Format Version 12.00
# Visual Studio Version 17
VisualStudioVersion = 17.11.35327.3
MinimumVisualStudioVersion = 10.0.40219.1
Project("{FAE04EC0-301F-11D3-BF4B-00C04F79EFBC}") = "Lab5_Calculator", "Lab5_Calculator\Lab5_Calculator.csproj", "{622CCF2B-5F18-4534-A909-9EC86A647EBF}"
EndProject
Global
	GlobalSection(SolutionConfigurationPlatforms) = preSolution
		Debug|Any CPU = Debug|Any CPU
		Release|Any CPU = Release|Any CPU
	EndGlobalSection
	GlobalSection(ProjectConfigurationPlatforms) = postSolution
		{622CCF2B-5F18-4534-A909-9EC86A647EBF}.Debug|Any CPU.ActiveCfg = Debug|Any CPU
		{622CCF2B-5F18-4534-A909-9EC86A647EBF}.Debug|Any CPU.Build.0 = Debug|Any CPU
		{622CCF2B-5F18-4534-A909-9EC86A647EBF}.Release|Any CPU.ActiveCfg = Release|Any CPU
		{622CCF2B-5F18-4534-A909-9EC86A647EBF}.Release|Any CPU.Build.0 = Release|Any CPU
	EndGlobalSection
	GlobalSection(SolutionProperties) = preSolution
		HideSolutionNode = FALSE
	EndGlobalSection
	GlobalSection(ExtensibilityGlobals) = postSolution
		SolutionGuid = {4FF1BDF3-A692-464E-B54B-4A7CE1F6DA6D}
	EndGlobalSection
EndGlobal
